
Microsoft Visual Studio Solution File, Format Version 12.00
# Visual Studio Version 17
VisualStudioVersion = 17.5.002.0
MinimumVisualStudioVersion = 10.0.40219.1
Project("{9A19103F-16F7-4668-BE54-9A1E7A4F7556}") = "Knight survival", "Knight survival.csproj", "{68A74EB8-632D-4497-949D-8AA28FEA1040}"
EndProject
Global
	GlobalSection(SolutionConfigurationPlatforms) = preSolution
		Debug|Any CPU = Debug|Any CPU
		Release|Any CPU = Release|Any CPU
	EndGlobalSection
	GlobalSection(ProjectConfigurationPlatforms) = postSolution
		{68A74EB8-632D-4497-949D-8AA28FEA1040}.Debug|Any CPU.ActiveCfg = Debug|Any CPU
		{68A74EB8-632D-4497-949D-8AA28FEA1040}.Debug|Any CPU.Build.0 = Debug|Any CPU
		{68A74EB8-632D-4497-949D-8AA28FEA1040}.Release|Any CPU.ActiveCfg = Release|Any CPU
		{68A74EB8-632D-4497-949D-8AA28FEA1040}.Release|Any CPU.Build.0 = Release|Any CPU
	EndGlobalSection
	GlobalSection(SolutionProperties) = preSolution
		HideSolutionNode = FALSE
	EndGlobalSection
	GlobalSection(ExtensibilityGlobals) = postSolution
		SolutionGuid = {0693B5EA-7FEA-4828-BEA3-D4FB03F459E0}
	EndGlobalSection
EndGlobal
